// !$*UTF8*$!
{
	archiveVersion = 1;
	classes = {
	};
	objectVersion = 56;
	objects = {

/* Begin PBXBuildFile section */
		11E48BB22ADD84AD00E2ACF1 /* AppDelegate.swift in Sources */ = {isa = PBXBuildFile; fileRef = 11E48BB12ADD84AD00E2ACF1 /* AppDelegate.swift */; };
		11E48BB42ADD84AD00E2ACF1 /* SceneDelegate.swift in Sources */ = {isa = PBXBuildFile; fileRef = 11E48BB32ADD84AD00E2ACF1 /* SceneDelegate.swift */; };
		11E48BB62ADD84AD00E2ACF1 /* ViewController.swift in Sources */ = {isa = PBXBuildFile; fileRef = 11E48BB52ADD84AD00E2ACF1 /* ViewController.swift */; };
		11E48BB92ADD84AD00E2ACF1 /* Main.storyboard in Resources */ = {isa = PBXBuildFile; fileRef = 11E48BB72ADD84AD00E2ACF1 /* Main.storyboard */; };
		11E48BBB2ADD84B400E2ACF1 /* Assets.xcassets in Resources */ = {isa = PBXBuildFile; fileRef = 11E48BBA2ADD84B400E2ACF1 /* Assets.xcassets */; };
		11E48BBE2ADD84B400E2ACF1 /* LaunchScreen.storyboard in Resources */ = {isa = PBXBuildFile; fileRef = 11E48BBC2ADD84B400E2ACF1 /* LaunchScreen.storyboard */; };
		11E48BC62ADD854A00E2ACF1 /* Inceptionv3.mlmodel in Sources */ = {isa = PBXBuildFile; fileRef = 11E48BC52ADD854900E2ACF1 /* Inceptionv3.mlmodel */; };
/* End PBXBuildFile section */

/* Begin PBXFileReference section */
		11E48BAE2ADD84AD00E2ACF1 /* SeaFood.app */ = {isa = PBXFileReference; explicitFileType = wrapper.application; includeInIndex = 0; path = SeaFood.app; sourceTree = BUILT_PRODUCTS_DIR; };
		11E48BB12ADD84AD00E2ACF1 /* AppDelegate.swift */ = {isa = PBXFileReference; lastKnownFileType = sourcecode.swift; path = AppDelegate.swift; sourceTree = "<group>"; };
		11E48BB32ADD84AD00E2ACF1 /* SceneDelegate.swift */ = {isa = PBXFileReference; lastKnownFileType = sourcecode.swift; path = SceneDelegate.swift; sourceTree = "<group>"; };
		11E48BB52ADD84AD00E2ACF1 /* ViewController.swift */ = {isa = PBXFileReference; lastKnownFileType = sourcecode.swift; path = ViewController.swift; sourceTree = "<group>"; };
		11E48BB82ADD84AD00E2ACF1 /* Base */ = {isa = PBXFileReference; lastKnownFileType = file.storyboard; name = Base; path = Base.lproj/Main.storyboard; sourceTree = "<group>"; };
		11E48BBA2ADD84B400E2ACF1 /* Assets.xcassets */ = {isa = PBXFileReference; lastKnownFileType = folder.assetcatalog; path = Assets.xcassets; sourceTree = "<group>"; };
		11E48BBD2ADD84B400E2ACF1 /* Base */ = {isa = PBXFileReference; lastKnownFileType = file.storyboard; name = Base; path = Base.lproj/LaunchScreen.storyboard; sourceTree = "<group>"; };
		11E48BBF2ADD84B400E2ACF1 /* Info.plist */ = {isa = PBXFileReference; lastKnownFileType = text.plist.xml; path = Info.plist; sourceTree = "<group>"; };
		11E48BC52ADD854900E2ACF1 /* Inceptionv3.mlmodel */ = {isa = PBXFileReference; lastKnownFileType = file.mlmodel; path = Inceptionv3.mlmodel; sourceTree = "<group>"; };
/* End PBXFileReference section */

/* Begin PBXFrameworksBuildPhase section */
		11E48BAB2ADD84AD00E2ACF1 /* Frameworks */ = {
			isa = PBXFrameworksBuildPhase;
			buildActionMask = 2147483647;
			files = (
			);
			runOnlyForDeploymentPostprocessing = 0;
		};
/* End PBXFrameworksBuildPhase section */

/* Begin PBXGroup section */
		11E48BA52ADD84AD00E2ACF1 = {
			isa = PBXGroup;
			children = (
				11E48BB02ADD84AD00E2ACF1 /* SeaFood */,
				11E48BAF2ADD84AD00E2ACF1 /* Products */,
			);
			sourceTree = "<group>";
		};
		11E48BAF2ADD84AD00E2ACF1 /* Products */ = {
			isa = PBXGroup;
			children = (
				11E48BAE2ADD84AD00E2ACF1 /* SeaFood.app */,
			);
			name = Products;
			sourceTree = "<group>";
		};
		11E48BB02ADD84AD00E2ACF1 /* SeaFood */ = {
			isa = PBXGroup;
			children = (
				11E48BB12ADD84AD00E2ACF1 /* AppDelegate.swift */,
				11E48BB32ADD84AD00E2ACF1 /* SceneDelegate.swift */,
				11E48BB52ADD84AD00E2ACF1 /* ViewController.swift */,
				11E48BC52ADD854900E2ACF1 /* Inceptionv3.mlmodel */,
				11E48BB72ADD84AD00E2ACF1 /* Main.storyboard */,
				11E48BBA2ADD84B400E2ACF1 /* Assets.xcassets */,
				11E48BBC2ADD84B400E2ACF1 /* LaunchScreen.storyboard */,
				11E48BBF2ADD84B400E2ACF1 /* Info.plist */,
			);
			path = SeaFood;
			sourceTree = "<group>";
		};
/* End PBXGroup section */

/* Begin PBXNativeTarget section */
		11E48BAD2ADD84AD00E2ACF1 /* SeaFood */ = {
			isa = PBXNativeTarget;
			buildConfigurationList = 11E48BC22ADD84B500E2ACF1 /* Build configuration list for PBXNativeTarget "SeaFood" */;
			buildPhases = (
				11E48BAA2ADD84AD00E2ACF1 /* Sources */,
				11E48BAB2ADD84AD00E2ACF1 /* Frameworks */,
				11E48BAC2ADD84AD00E2ACF1 /* Resources */,
			);
			buildRules = (
			);
			dependencies = (
			);
			name = SeaFood;
			productName = SeaFood;
			productReference = 11E48BAE2ADD84AD00E2ACF1 /* SeaFood.app */;
			productType = "com.apple.product-type.application";
		};
/* End PBXNativeTarget section */

/* Begin PBXProject section */
		11E48BA62ADD84AD00E2ACF1 /* Project object */ = {
			isa = PBXProject;
			attributes = {
				BuildIndependentTargetsInParallel = 1;
				LastSwiftUpdateCheck = 1400;
				LastUpgradeCheck = 1400;
				TargetAttributes = {
					11E48BAD2ADD84AD00E2ACF1 = {
						CreatedOnToolsVersion = 14.0.1;
					};
				};
			};
			buildConfigurationList = 11E48BA92ADD84AD00E2ACF1 /* Build configuration list for PBXProject "SeaFood" */;
			compatibilityVersion = "Xcode 14.0";
			developmentRegion = en;
			hasScannedForEncodings = 0;
			knownRegions = (
				en,
				Base,
			);
			mainGroup = 11E48BA52ADD84AD00E2ACF1;
			productRefGroup = 11E48BAF2ADD84AD00E2ACF1 /* Products */;
			projectDirPath = "";
			projectRoot = "";
			targets = (
				11E48BAD2ADD84AD00E2ACF1 /* SeaFood */,
			);
		};
/* End PBXProject section */

/* Begin PBXResourcesBuildPhase section */
		11E48BAC2ADD84AD00E2ACF1 /* Resources */ = {
			isa = PBXResourcesBuildPhase;
			buildActionMask = 2147483647;
			files = (
				11E48BBE2ADD84B400E2ACF1 /* LaunchScreen.storyboard in Resources */,
				11E48BBB2ADD84B400E2ACF1 /* Assets.xcassets in Resources */,
				11E48BB92ADD84AD00E2ACF1 /* Main.storyboard in Resources */,
			);
			runOnlyForDeploymentPostprocessing = 0;
		};
/* End PBXResourcesBuildPhase section */

/* Begin PBXSourcesBuildPhase section */
		11E48BAA2ADD84AD00E2ACF1 /* Sources */ = {
			isa = PBXSourcesBuildPhase;
			buildActionMask = 2147483647;
			files = (
				11E48BB62ADD84AD00E2ACF1 /* ViewController.swift in Sources */,
				11E48BC62ADD854A00E2ACF1 /* Inceptionv3.mlmodel in Sources */,
				11E48BB22ADD84AD00E2ACF1 /* AppDelegate.swift in Sources */,
				11E48BB42ADD84AD00E2ACF1 /* SceneDelegate.swift in Sources */,
			);
			runOnlyForDeploymentPostprocessing = 0;
		};
/* End PBXSourcesBuildPhase section */

/* Begin PBXVariantGroup section */
		11E48BB72ADD84AD00E2ACF1 /* Main.storyboard */ = {
			isa = PBXVariantGroup;
			children = (
				11E48BB82ADD84AD00E2ACF1 /* Base */,
			);
			name = Main.storyboard;
			sourceTree = "<group>";
		};
		11E48BBC2ADD84B400E2ACF1 /* LaunchScreen.storyboard */ = {
			isa = PBXVariantGroup;
			children = (
				11E48BBD2ADD84B400E2ACF1 /* Base */,
			);
			name = LaunchScreen.storyboard;
			sourceTree = "<group>";
		};
/* End PBXVariantGroup section */

/* Begin XCBuildConfiguration section */
		11E48BC02ADD84B400E2ACF1 /* Debug */ = {
			isa = XCBuildConfiguration;
			buildSettings = {
				ALWAYS_SEARCH_USER_PATHS = NO;
				CLANG_ANALYZER_NONNULL = YES;
				CLANG_ANALYZER_NUMBER_OBJECT_CONVERSION = YES_AGGRESSIVE;
				CLANG_CXX_LANGUAGE_STANDARD = "gnu++20";
				CLANG_ENABLE_MODULES = YES;
				CLANG_ENABLE_OBJC_ARC = YES;
				CLANG_ENABLE_OBJC_WEAK = YES;
				CLANG_WARN_BLOCK_CAPTURE_AUTORELEASING = YES;
				CLANG_WARN_BOOL_CONVERSION = YES;
				CLANG_WARN_COMMA = YES;
				CLANG_WARN_CONSTANT_CONVERSION = YES;
				CLANG_WARN_DEPRECATED_OBJC_IMPLEMENTATIONS = YES;
				CLANG_WARN_DIRECT_OBJC_ISA_USAGE = YES_ERROR;
				CLANG_WARN_DOCUMENTATION_COMMENTS = YES;
				CLANG_WARN_EMPTY_BODY = YES;
				CLANG_WARN_ENUM_CONVERSION = YES;
				CLANG_WARN_INFINITE_RECURSION = YES;
				CLANG_WARN_INT_CONVERSION = YES;
				CLANG_WARN_NON_LITERAL_NULL_CONVERSION = YES;
				CLANG_WARN_OBJC_IMPLICIT_RETAIN_SELF = YES;
				CLANG_WARN_OBJC_LITERAL_CONVERSION = YES;
				CLANG_WARN_OBJC_ROOT_CLASS = YES_ERROR;
				CLANG_WARN_QUOTED_INCLUDE_IN_FRAMEWORK_HEADER = YES;
				CLANG_WARN_RANGE_LOOP_ANALYSIS = YES;
				CLANG_WARN_STRICT_PROTOTYPES = YES;
				CLANG_WARN_SUSPICIOUS_MOVE = YES;
				CLANG_WARN_UNGUARDED_AVAILABILITY = YES_AGGRESSIVE;
				CLANG_WARN_UNREACHABLE_CODE = YES;
				CLANG_WARN__DUPLICATE_METHOD_MATCH = YES;
				COPY_PHASE_STRIP = NO;
				DEBUG_INFORMATION_FORMAT = dwarf;
				ENABLE_STRICT_OBJC_MSGSEND = YES;
				ENABLE_TESTABILITY = YES;
				GCC_C_LANGUAGE_STANDARD = gnu11;
				GCC_DYNAMIC_NO_PIC = NO;
				GCC_NO_COMMON_BLOCKS = YES;
				GCC_OPTIMIZATION_LEVEL = 0;
				GCC_PREPROCESSOR_DEFINITIONS = (
					"DEBUG=1",
					"$(inherited)",
				);
				GCC_WARN_64_TO_32_BIT_CONVERSION = YES;
				GCC_WARN_ABOUT_RETURN_TYPE = YES_ERROR;
				GCC_WARN_UNDECLARED_SELECTOR = YES;
				GCC_WARN_UNINITIALIZED_AUTOS = YES_AGGRESSIVE;
				GCC_WARN_UNUSED_FUNCTION = YES;
				GCC_WARN_UNUSED_VARIABLE = YES;
				IPHONEOS_DEPLOYMENT_TARGET = 16.0;
				MTL_ENABLE_DEBUG_INFO = INCLUDE_SOURCE;
				MTL_FAST_MATH = YES;
				ONLY_ACTIVE_ARCH = YES;
				SDKROOT = iphoneos;
				SWIFT_ACTIVE_COMPILATION_CONDITIONS = DEBUG;
				SWIFT_OPTIMIZATION_LEVEL = "-Onone";
			};
			name = Debug;
		};
		11E48BC12ADD84B400E2ACF1 /* Release */ = {
			isa = XCBuildConfiguration;
			buildSettings = {
				ALWAYS_SEARCH_USER_PATHS = NO;
				CLANG_ANALYZER_NONNULL = YES;
				CLANG_ANALYZER_NUMBER_OBJECT_CONVERSION = YES_AGGRESSIVE;
				CLANG_CXX_LANGUAGE_STANDARD = "gnu++20";
				CLANG_ENABLE_MODULES = YES;
				CLANG_ENABLE_OBJC_ARC = YES;
				CLANG_ENABLE_OBJC_WEAK = YES;
				CLANG_WARN_BLOCK_CAPTURE_AUTORELEASING = YES;
				CLANG_WARN_BOOL_CONVERSION = YES;
				CLANG_WARN_COMMA = YES;
				CLANG_WARN_CONSTANT_CONVERSION = YES;
				CLANG_WARN_DEPRECATED_OBJC_IMPLEMENTATIONS = YES;
				CLANG_WARN_DIRECT_OBJC_ISA_USAGE = YES_ERROR;
				CLANG_WARN_DOCUMENTATION_COMMENTS = YES;
				CLANG_WARN_EMPTY_BODY = YES;
				CLANG_WARN_ENUM_CONVERSION = YES;
				CLANG_WARN_INFINITE_RECURSION = YES;
				CLANG_WARN_INT_CONVERSION = YES;
				CLANG_WARN_NON_LITERAL_NULL_CONVERSION = YES;
				CLANG_WARN_OBJC_IMPLICIT_RETAIN_SELF = YES;
				CLANG_WARN_OBJC_LITERAL_CONVERSION = YES;
				CLANG_WARN_OBJC_ROOT_CLASS = YES_ERROR;
				CLANG_WARN_QUOTED_INCLUDE_IN_FRAMEWORK_HEADER = YES;
				CLANG_WARN_RANGE_LOOP_ANALYSIS = YES;
				CLANG_WARN_STRICT_PROTOTYPES = YES;
				CLANG_WARN_SUSPICIOUS_MOVE = YES;
				CLANG_WARN_UNGUARDED_AVAILABILITY = YES_AGGRESSIVE;
				CLANG_WARN_UNREACHABLE_CODE = YES;
				CLANG_WARN__DUPLICATE_METHOD_MATCH = YES;
				COPY_PHASE_STRIP = NO;
				DEBUG_INFORMATION_FORMAT = "dwarf-with-dsym";
				ENABLE_NS_ASSERTIONS = NO;
				ENABLE_STRICT_OBJC_MSGSEND = YES;
				GCC_C_LANGUAGE_STANDARD = gnu11;
				GCC_NO_COMMON_BLOCKS = YES;
				GCC_WARN_64_TO_32_BIT_CONVERSION = YES;
				GCC_WARN_ABOUT_RETURN_TYPE = YES_ERROR;
				GCC_WARN_UNDECLARED_SELECTOR = YES;
				GCC_WARN_UNINITIALIZED_AUTOS = YES_AGGRESSIVE;
				GCC_WARN_UNUSED_FUNCTION = YES;
				GCC_WARN_UNUSED_VARIABLE = YES;
				IPHONEOS_DEPLOYMENT_TARGET = 16.0;
				MTL_ENABLE_DEBUG_INFO = NO;
				MTL_FAST_MATH = YES;
				SDKROOT = iphoneos;
				SWIFT_COMPILATION_MODE = wholemodule;
				SWIFT_OPTIMIZATION_LEVEL = "-O";
				VALIDATE_PRODUCT = YES;
			};
			name = Release;
		};
		11E48BC32ADD84B500E2ACF1 /* Debug */ = {
			isa = XCBuildConfiguration;
			buildSettings = {
				ASSETCATALOG_COMPILER_APPICON_NAME = AppIcon;
				ASSETCATALOG_COMPILER_GLOBAL_ACCENT_COLOR_NAME = AccentColor;
				CODE_SIGN_STYLE = Automatic;
				CURRENT_PROJECT_VERSION = 1;
				DEVELOPMENT_TEAM = LLC5D3JW4K;
				GENERATE_INFOPLIST_FILE = YES;
				INFOPLIST_FILE = SeaFood/Info.plist;
				INFOPLIST_KEY_UIApplicationSupportsIndirectInputEvents = YES;
				INFOPLIST_KEY_UILaunchStoryboardName = LaunchScreen;
				INFOPLIST_KEY_UIMainStoryboardFile = Main;
				INFOPLIST_KEY_UISupportedInterfaceOrientations_iPad = "UIInterfaceOrientationPortrait UIInterfaceOrientationPortraitUpsideDown UIInterfaceOrientationLandscapeLeft UIInterfaceOrientationLandscapeRight";
				INFOPLIST_KEY_UISupportedInterfaceOrientations_iPhone = "UIInterfaceOrientationPortrait UIInterfaceOrientationLandscapeLeft UIInterfaceOrientationLandscapeRight";
				LD_RUNPATH_SEARCH_PATHS = (
					"$(inherited)",
					"@executable_path/Frameworks",
				);
				MARKETING_VERSION = 1.0;
				PRODUCT_BUNDLE_IDENTIFIER = com.nikitakafes.SeaFood;
				PRODUCT_NAME = "$(TARGET_NAME)";
				SWIFT_EMIT_LOC_STRINGS = YES;
				SWIFT_VERSION = 5.0;
				TARGETED_DEVICE_FAMILY = "1,2";
			};
			name = Debug;
		};
		11E48BC42ADD84B500E2ACF1 /* Release */ = {
			isa = XCBuildConfiguration;
			buildSettings = {
				ASSETCATALOG_COMPILER_APPICON_NAME = AppIcon;
				ASSETCATALOG_COMPILER_GLOBAL_ACCENT_COLOR_NAME = AccentColor;
				CODE_SIGN_STYLE = Automatic;
				CURRENT_PROJECT_VERSION = 1;
				DEVELOPMENT_TEAM = LLC5D3JW4K;
				GENERATE_INFOPLIST_FILE = YES;
				INFOPLIST_FILE = SeaFood/Info.plist;
				INFOPLIST_KEY_UIApplicationSupportsIndirectInputEvents = YES;
				INFOPLIST_KEY_UILaunchStoryboardName = LaunchScreen;
				INFOPLIST_KEY_UIMainStoryboardFile = Main;
				INFOPLIST_KEY_UISupportedInterfaceOrientations_iPad = "UIInterfaceOrientationPortrait UIInterfaceOrientationPortraitUpsideDown UIInterfaceOrientationLandscapeLeft UIInterfaceOrientationLandscapeRight";
				INFOPLIST_KEY_UISupportedInterfaceOrientations_iPhone = "UIInterfaceOrientationPortrait UIInterfaceOrientationLandscapeLeft UIInterfaceOrientationLandscapeRight";
				LD_RUNPATH_SEARCH_PATHS = (
					"$(inherited)",
					"@executable_path/Frameworks",
				);
				MARKETING_VERSION = 1.0;
				PRODUCT_BUNDLE_IDENTIFIER = com.nikitakafes.SeaFood;
				PRODUCT_NAME = "$(TARGET_NAME)";
				SWIFT_EMIT_LOC_STRINGS = YES;
				SWIFT_VERSION = 5.0;
				TARGETED_DEVICE_FAMILY = "1,2";
			};
			name = Release;
		};
/* End XCBuildConfiguration section */

/* Begin XCConfigurationList section */
		11E48BA92ADD84AD00E2ACF1 /* Build configuration list for PBXProject "SeaFood" */ = {
			isa = XCConfigurationList;
			buildConfigurations = (
				11E48BC02ADD84B400E2ACF1 /* Debug */,
				11E48BC12ADD84B400E2ACF1 /* Release */,
			);
			defaultConfigurationIsVisible = 0;
			defaultConfigurationName = Release;
		};
		11E48BC22ADD84B500E2ACF1 /* Build configuration list for PBXNativeTarget "SeaFood" */ = {
			isa = XCConfigurationList;
			buildConfigurations = (
				11E48BC32ADD84B500E2ACF1 /* Debug */,
				11E48BC42ADD84B500E2ACF1 /* Release */,
			);
			defaultConfigurationIsVisible = 0;
			defaultConfigurationName = Release;
		};
/* End XCConfigurationList section */
	};
	rootObject = 11E48BA62ADD84AD00E2ACF1 /* Project object */;
}
